
Microsoft Visual Studio Solution File, Format Version 12.00
# Visual Studio Version 17
VisualStudioVersion = 17.9.34728.123
MinimumVisualStudioVersion = 10.0.40219.1
Project("{9A19103F-16F7-4668-BE54-9A1E7A4F7556}") = "SelectLineWAWIApiCore.Server", "SelectLineWAWIApiCore.Server\SelectLineWAWIApiCore.Server.csproj", "{465B8ECB-0316-481C-B6CF-B24B80F7C64C}"
EndProject
Project("{9A19103F-16F7-4668-BE54-9A1E7A4F7556}") = "SelectLineWAWIApiCore.Shared", "SelectLineWAWIApiCore.Shared\SelectLineWAWIApiCore.Shared.csproj", "{CE4F635A-F56C-487C-B572-DDACA54DBFF6}"
EndProject
Project("{9A19103F-16F7-4668-BE54-9A1E7A4F7556}") = "SelectLineWAWIApiCore.Client", "SelectLineWAWIApiCore.Client\SelectLineWAWIApiCore.Client.csproj", "{F151CEF8-68E9-4227-BD8D-31B6D8A3709F}"
EndProject
Project("{FAE04EC0-301F-11D3-BF4B-00C04F79EFBC}") = "SellingPartnerAPI.SellerAPI", "..\..\SwaggerToCL\Sellers_CsharpCL\src\SellingPartnerAPI.SellerAPI\SellingPartnerAPI.SellerAPI.csproj", "{F81028A5-8E64-4748-9EF8-620FE3045DDB}"
EndProject
Project("{FAE04EC0-301F-11D3-BF4B-00C04F79EFBC}") = "SellingPartnerAPI.SellerAPI.Test", "..\..\SwaggerToCL\Sellers_CsharpCL\src\SellingPartnerAPI.SellerAPI.Test\SellingPartnerAPI.SellerAPI.Test.csproj", "{19F1DEBC-DE5E-4517-8062-F000CD499087}"
EndProject
Global
	GlobalSection(SolutionConfigurationPlatforms) = preSolution
		Debug|Any CPU = Debug|Any CPU
		Release|Any CPU = Release|Any CPU
	EndGlobalSection
	GlobalSection(ProjectConfigurationPlatforms) = postSolution
		{465B8ECB-0316-481C-B6CF-B24B80F7C64C}.Debug|Any CPU.ActiveCfg = Debug|Any CPU
		{465B8ECB-0316-481C-B6CF-B24B80F7C64C}.Debug|Any CPU.Build.0 = Debug|Any CPU
		{465B8ECB-0316-481C-B6CF-B24B80F7C64C}.Release|Any CPU.ActiveCfg = Release|Any CPU
		{465B8ECB-0316-481C-B6CF-B24B80F7C64C}.Release|Any CPU.Build.0 = Release|Any CPU
		{CE4F635A-F56C-487C-B572-DDACA54DBFF6}.Debug|Any CPU.ActiveCfg = Debug|Any CPU
		{CE4F635A-F56C-487C-B572-DDACA54DBFF6}.Debug|Any CPU.Build.0 = Debug|Any CPU
		{CE4F635A-F56C-487C-B572-DDACA54DBFF6}.Release|Any CPU.ActiveCfg = Release|Any CPU
		{CE4F635A-F56C-487C-B572-DDACA54DBFF6}.Release|Any CPU.Build.0 = Release|Any CPU
		{F151CEF8-68E9-4227-BD8D-31B6D8A3709F}.Debug|Any CPU.ActiveCfg = Debug|Any CPU
		{F151CEF8-68E9-4227-BD8D-31B6D8A3709F}.Debug|Any CPU.Build.0 = Debug|Any CPU
		{F151CEF8-68E9-4227-BD8D-31B6D8A3709F}.Release|Any CPU.ActiveCfg = Release|Any CPU
		{F151CEF8-68E9-4227-BD8D-31B6D8A3709F}.Release|Any CPU.Build.0 = Release|Any CPU
		{F81028A5-8E64-4748-9EF8-620FE3045DDB}.Debug|Any CPU.ActiveCfg = Debug|Any CPU
		{F81028A5-8E64-4748-9EF8-620FE3045DDB}.Debug|Any CPU.Build.0 = Debug|Any CPU
		{F81028A5-8E64-4748-9EF8-620FE3045DDB}.Release|Any CPU.ActiveCfg = Release|Any CPU
		{F81028A5-8E64-4748-9EF8-620FE3045DDB}.Release|Any CPU.Build.0 = Release|Any CPU
		{19F1DEBC-DE5E-4517-8062-F000CD499087}.Debug|Any CPU.ActiveCfg = Debug|Any CPU
		{19F1DEBC-DE5E-4517-8062-F000CD499087}.Debug|Any CPU.Build.0 = Debug|Any CPU
		{19F1DEBC-DE5E-4517-8062-F000CD499087}.Release|Any CPU.ActiveCfg = Release|Any CPU
		{19F1DEBC-DE5E-4517-8062-F000CD499087}.Release|Any CPU.Build.0 = Release|Any CPU
	EndGlobalSection
	GlobalSection(SolutionProperties) = preSolution
		HideSolutionNode = FALSE
	EndGlobalSection
	GlobalSection(ExtensibilityGlobals) = postSolution
		SolutionGuid = {29218AC9-F7C5-4A6C-A07A-06CC3A28C9E9}
	EndGlobalSection
EndGlobal
